// !$*UTF8*$!
{
	archiveVersion = 1;
	classes = {
	};
	objectVersion = 56;
	objects = {

/* Begin PBXBuildFile section */
		1001 /* TPMSinoApp.swift in Sources */ = {isa = PBXBuildFile; fileRef = 1002 /* TPMSinoApp.swift */; };
		1003 /* TpmsData.swift in Sources */ = {isa = PBXBuildFile; fileRef = 1004 /* TpmsData.swift */; };
		1005 /* BleConstants.swift in Sources */ = {isa = PBXBuildFile; fileRef = 1006 /* BleConstants.swift */; };
		1007 /* BleManager.swift in Sources */ = {isa = PBXBuildFile; fileRef = 1008 /* BleManager.swift */; };
		1009 /* TpmsViewModel.swift in Sources */ = {isa = PBXBuildFile; fileRef = 1010 /* TpmsViewModel.swift */; };
		1011 /* DashboardView.swift in Sources */ = {isa = PBXBuildFile; fileRef = 1012 /* DashboardView.swift */; };
		1013 /* SensorView.swift in Sources */ = {isa = PBXBuildFile; fileRef = 1014 /* SensorView.swift */; };
		1015 /* SettingsView.swift in Sources */ = {isa = PBXBuildFile; fileRef = 1016 /* SettingsView.swift */; };
		1017 /* AnalyticsView.swift in Sources */ = {isa = PBXBuildFile; fileRef = 1018 /* AnalyticsView.swift */; };
		1019 /* MainTabView.swift in Sources */ = {isa = PBXBuildFile; fileRef = 1020 /* MainTabView.swift */; };
		1022 /* Assets.xcassets in Resources */ = {isa = PBXBuildFile; fileRef = 1023 /* Assets.xcassets */; };
/* End PBXBuildFile section */

/* Begin PBXFileReference section */
		1000 /* TPMSinoiOS.app */ = {isa = PBXFileReference; explicitFileType = wrapper.application; includeInIndex = 0; path = TPMSinoiOS.app; sourceTree = BUILT_PRODUCTS_DIR; };
		1002 /* TPMSinoApp.swift */ = {isa = PBXFileReference; lastKnownFileType = sourcecode.swift; path = TPMSinoApp.swift; sourceTree = "<group>"; };
		1004 /* TpmsData.swift */ = {isa = PBXFileReference; lastKnownFileType = sourcecode.swift; path = TpmsData.swift; sourceTree = "<group>"; };
		1006 /* BleConstants.swift */ = {isa = PBXFileReference; lastKnownFileType = sourcecode.swift; path = BleConstants.swift; sourceTree = "<group>"; };
		1008 /* BleManager.swift */ = {isa = PBXFileReference; lastKnownFileType = sourcecode.swift; path = BleManager.swift; sourceTree = "<group>"; };
		1010 /* TpmsViewModel.swift */ = {isa = PBXFileReference; lastKnownFileType = sourcecode.swift; path = TpmsViewModel.swift; sourceTree = "<group>"; };
		1012 /* DashboardView.swift */ = {isa = PBXFileReference; lastKnownFileType = sourcecode.swift; path = DashboardView.swift; sourceTree = "<group>"; };
		1014 /* SensorView.swift */ = {isa = PBXFileReference; lastKnownFileType = sourcecode.swift; path = SensorView.swift; sourceTree = "<group>"; };
		1016 /* SettingsView.swift */ = {isa = PBXFileReference; lastKnownFileType = sourcecode.swift; path = SettingsView.swift; sourceTree = "<group>"; };
		1018 /* AnalyticsView.swift */ = {isa = PBXFileReference; lastKnownFileType = sourcecode.swift; path = AnalyticsView.swift; sourceTree = "<group>"; };
		1020 /* MainTabView.swift */ = {isa = PBXFileReference; lastKnownFileType = sourcecode.swift; path = MainTabView.swift; sourceTree = "<group>"; };
		1021 /* Info.plist */ = {isa = PBXFileReference; lastKnownFileType = text.plist.xml; path = Info.plist; sourceTree = "<group>"; };
		1023 /* Assets.xcassets */ = {isa = PBXFileReference; lastKnownFileType = folder.assetcatalog; path = Assets.xcassets; sourceTree = "<group>"; };
/* End PBXFileReference section */

/* Begin PBXFrameworksBuildPhase section */
		2001 /* Frameworks */ = {
			isa = PBXFrameworksBuildPhase;
			buildActionMask = 2147483647;
			files = (
			);
			runOnlyForDeploymentPostprocessing = 0;
		};
/* End PBXFrameworksBuildPhase section */

/* Begin PBXGroup section */
		3001 = {
			isa = PBXGroup;
			children = (
				3002 /* TPMSinoiOS */,
				3003 /* Products */,
			);
			sourceTree = "<group>";
		};
		3002 /* TPMSinoiOS */ = {
			isa = PBXGroup;
			children = (
				1002 /* TPMSinoApp.swift */,
				3004 /* Models */,
				3005 /* BLE */,
				3006 /* ViewModels */,
				3007 /* Views */,
				1021 /* Info.plist */,
				1023 /* Assets.xcassets */,
			);
			path = TPMSinoiOS;
			sourceTree = "<group>";
		};
		3004 /* Models */ = {
			isa = PBXGroup;
			children = (
				1004 /* TpmsData.swift */,
			);
			path = Models;
			sourceTree = "<group>";
		};
		3005 /* BLE */ = {
			isa = PBXGroup;
			children = (
				1006 /* BleConstants.swift */,
				1008 /* BleManager.swift */,
			);
			path = BLE;
			sourceTree = "<group>";
		};
		3006 /* ViewModels */ = {
			isa = PBXGroup;
			children = (
				1010 /* TpmsViewModel.swift */,
			);
			path = ViewModels;
			sourceTree = "<group>";
		};
		3007 /* Views */ = {
			isa = PBXGroup;
			children = (
				1012 /* DashboardView.swift */,
				1014 /* SensorView.swift */,
				1016 /* SettingsView.swift */,
				1018 /* AnalyticsView.swift */,
				1020 /* MainTabView.swift */,
			);
			path = Views;
			sourceTree = "<group>";
		};
		3003 /* Products */ = {
			isa = PBXGroup;
			children = (
				1000 /* TPMSinoiOS.app */,
			);
			name = Products;
			sourceTree = "<group>";
		};
/* End PBXGroup section */

/* Begin PBXNativeTarget section */
		4001 /* TPMSinoiOS */ = {
			isa = PBXNativeTarget;
			buildConfigurationList = 5001 /* Build configuration list for PBXNativeTarget "TPMSinoiOS" */;
			buildPhases = (
				6001 /* Sources */,
				2001 /* Frameworks */,
				9001 /* Resources */,
			);
			buildRules = (
			);
			dependencies = (
			);
			name = TPMSinoiOS;
			productName = TPMSinoiOS;
			productReference = 1000 /* TPMSinoiOS.app */;
			productType = "com.apple.product-type.application";
		};
/* End PBXNativeTarget section */

/* Begin PBXProject section */
		7001 /* Project object */ = {
			isa = PBXProject;
			attributes = {
				BuildIndependentTargetsInParallel = 1;
				LastSwiftUpdateCheck = 1500;
				LastUpgradeCheck = 1500;
				TargetAttributes = {
					4001 = {
						CreatedOnToolsVersion = 15.0;
					};
				};
			};
			buildConfigurationList = 5002 /* Build configuration list for PBXProject "TPMSinoiOS" */;
			compatibilityVersion = "Xcode 14.0";
			developmentRegion = en;
			hasScannedForEncodings = 0;
			knownRegions = (
				en,
				Base,
			);
			mainGroup = 3001;
			productRefGroup = 3003 /* Products */;
			projectDirPath = "";
			projectRoot = "";
			targets = (
				4001 /* TPMSinoiOS */,
			);
		};
/* End PBXProject section */

/* Begin PBXResourcesBuildPhase section */
		9001 /* Resources */ = {
			isa = PBXResourcesBuildPhase;
			buildActionMask = 2147483647;
			files = (
				1022 /* Assets.xcassets in Resources */,
			);
			runOnlyForDeploymentPostprocessing = 0;
		};
/* End PBXResourcesBuildPhase section */

/* Begin PBXSourcesBuildPhase section */
		6001 /* Sources */ = {
			isa = PBXSourcesBuildPhase;
			buildActionMask = 2147483647;
			files = (
				1001 /* TPMSinoApp.swift in Sources */,
				1003 /* TpmsData.swift in Sources */,
				1005 /* BleConstants.swift in Sources */,
				1007 /* BleManager.swift in Sources */,
				1009 /* TpmsViewModel.swift in Sources */,
				1011 /* DashboardView.swift in Sources */,
				1013 /* SensorView.swift in Sources */,
				1015 /* SettingsView.swift in Sources */,
				1017 /* AnalyticsView.swift in Sources */,
				1019 /* MainTabView.swift in Sources */,
			);
			runOnlyForDeploymentPostprocessing = 0;
		};
/* End PBXSourcesBuildPhase section */

/* Begin XCBuildConfiguration section */
		8001 /* Debug */ = {
			isa = XCBuildConfiguration;
			buildSettings = {
				ALWAYS_SEARCH_USER_PATHS = NO;
				ARCHS = "$(ARCHS_STANDARD)";
				ASSETCATALOG_COMPILER_APPICON_NAME = AppIcon;
				ASSETCATALOG_COMPILER_GLOBAL_ACCENT_COLOR_NAME = AccentColor;
				CLANG_ANALYZER_NONNULL = YES;
				CLANG_CXX_LANGUAGE_STANDARD = "gnu++20";
				CLANG_ENABLE_MODULES = YES;
				CLANG_ENABLE_OBJC_ARC = YES;
				CODE_SIGNING_ALLOWED = NO;
				CODE_SIGNING_REQUIRED = NO;
				CODE_SIGN_IDENTITY = "";
				CODE_SIGN_STYLE = Automatic;
				CURRENT_PROJECT_VERSION = 1;
				ENABLE_BITCODE = NO;
				EXECUTABLE_NAME = TPMSinoiOS;
				GENERATE_INFOPLIST_FILE = NO;
				INFOPLIST_FILE = TPMSinoiOS/Info.plist;
				IPHONEOS_DEPLOYMENT_TARGET = 15.0;
				LD_RUNPATH_SEARCH_PATHS = (
					"$(inherited)",
					"@executable_path/Frameworks",
				);
				MACH_O_TYPE = mh_execute;
				MARKETING_VERSION = 1.0;
				ONLY_ACTIVE_ARCH = NO;
				PRODUCT_BUNDLE_IDENTIFIER = com.example.tpmsinoios;
				PRODUCT_NAME = TPMSinoiOS;
				SDKROOT = iphoneos;
				SUPPORTED_PLATFORMS = "iphoneos iphonesimulator";
				SWIFT_COMPILATION_MODE = singlefile;
				SWIFT_EMIT_LOC_STRINGS = YES;
				SWIFT_VERSION = 5.0;
				TARGETED_DEVICE_FAMILY = "1,2";
			};
			name = Debug;
		};
		8002 /* Release */ = {
			isa = XCBuildConfiguration;
			buildSettings = {
				ALWAYS_SEARCH_USER_PATHS = NO;
				ARCHS = "$(ARCHS_STANDARD)";
				ASSETCATALOG_COMPILER_APPICON_NAME = AppIcon;
				ASSETCATALOG_COMPILER_GLOBAL_ACCENT_COLOR_NAME = AccentColor;
				CLANG_ANALYZER_NONNULL = YES;
				CLANG_CXX_LANGUAGE_STANDARD = "gnu++20";
				CLANG_ENABLE_MODULES = YES;
				CLANG_ENABLE_OBJC_ARC = YES;
				CODE_SIGNING_ALLOWED = NO;
				CODE_SIGNING_REQUIRED = NO;
				CODE_SIGN_IDENTITY = "";
				CODE_SIGN_STYLE = Automatic;
				CURRENT_PROJECT_VERSION = 1;
				ENABLE_BITCODE = NO;
				EXECUTABLE_NAME = TPMSinoiOS;
				GENERATE_INFOPLIST_FILE = NO;
				INFOPLIST_FILE = TPMSinoiOS/Info.plist;
				IPHONEOS_DEPLOYMENT_TARGET = 15.0;
				LD_RUNPATH_SEARCH_PATHS = (
					"$(inherited)",
					"@executable_path/Frameworks",
				);
				MACH_O_TYPE = mh_execute;
				MARKETING_VERSION = 1.0;
				ONLY_ACTIVE_ARCH = NO;
				PRODUCT_BUNDLE_IDENTIFIER = com.example.tpmsinoios;
				PRODUCT_NAME = TPMSinoiOS;
				SDKROOT = iphoneos;
				SUPPORTED_PLATFORMS = "iphoneos iphonesimulator";
				SWIFT_COMPILATION_MODE = singlefile;
				SWIFT_EMIT_LOC_STRINGS = YES;
				SWIFT_VERSION = 5.0;
				TARGETED_DEVICE_FAMILY = "1,2";
			};
			name = Release;
		};
/* End XCBuildConfiguration section */

/* Begin XCConfigurationList section */
		5001 /* Build configuration list for PBXNativeTarget "TPMSinoiOS" */ = {
			isa = XCConfigurationList;
			buildConfigurations = (
				8001 /* Debug */,
				8002 /* Release */,
			);
			defaultConfigurationIsVisible = 0;
			defaultConfigurationName = Release;
		};
		5002 /* Build configuration list for PBXProject "TPMSinoiOS" */ = {
			isa = XCConfigurationList;
			buildConfigurations = (
				8001 /* Debug */,
				8002 /* Release */,
			);
			defaultConfigurationIsVisible = 0;
			defaultConfigurationName = Release;
		};
/* End XCConfigurationList section */
	};
	rootObject = 7001 /* Project object */;
}
